{
  "nodes": {
    "nixpkgs": {
      "locked": {
        "lastModified": 1770181073,
        "narHash": "sha256-ksTL7P9QC1WfZasNlaAdLOzqD8x5EPyods69YBqxSfk=",
        "owner": "NixOS",
        "repo": "nixpkgs",
        "rev": "bf922a59c5c9998a6584645f7d0de689512e444c",
        "type": "github"
      },
      "original": {
        "owner": "NixOS",
        "ref": "nixos-unstable",
        "repo": "nixpkgs",
        "type": "github"
      }
    },
    "root": {
      "inputs": {
        "nixpkgs": "nixpkgs",
        "sops-nix": "sops-nix"
      }
    },
    "sops-nix": {
      "inputs": {
        "nixpkgs": [
          "nixpkgs"
        ]
      },
      "locked": {
        "lastModified": 1770145881,
        "narHash": "sha256-ktjWTq+D5MTXQcL9N6cDZXUf9kX8JBLLBLT0ZyOTSYY=",
        "owner": "Mic92",
        "repo": "sops-nix",
        "rev": "17eea6f3816ba6568b8c81db8a4e6ca438b30b7c",
        "type": "github"
      },
      "original": {
        "owner": "Mic92",
        "repo": "sops-nix",
        "type": "github"
      }
    }
  },
  "root": "root",
  "version": 7
}
